
Microsoft Visual Studio Solution File, Format Version 12.00
# Visual Studio Version 16
VisualStudioVersion = 16.0.31025.194
MinimumVisualStudioVersion = 10.0.40219.1
Project("{FAE04EC0-301F-11D3-BF4B-00C04F79EFBC}") = "WizardOrc", "WizardOrc.csproj", "{7FE124C0-5575-4A60-9640-F912AD829925}"
EndProject
Global
	GlobalSection(SolutionConfigurationPlatforms) = preSolution
		Debug|Any CPU = Debug|Any CPU
		Release|Any CPU = Release|Any CPU
	EndGlobalSection
	GlobalSection(ProjectConfigurationPlatforms) = postSolution
		{7FE124C0-5575-4A60-9640-F912AD829925}.Debug|Any CPU.ActiveCfg = Debug|Any CPU
		{7FE124C0-5575-4A60-9640-F912AD829925}.Debug|Any CPU.Build.0 = Debug|Any CPU
		{7FE124C0-5575-4A60-9640-F912AD829925}.Release|Any CPU.ActiveCfg = Release|Any CPU
		{7FE124C0-5575-4A60-9640-F912AD829925}.Release|Any CPU.Build.0 = Release|Any CPU
	EndGlobalSection
	GlobalSection(SolutionProperties) = preSolution
		HideSolutionNode = FALSE
	EndGlobalSection
	GlobalSection(ExtensibilityGlobals) = postSolution
		SolutionGuid = {06AE6986-3D2F-45E3-8230-3D03BAF5C8F6}
	EndGlobalSection
EndGlobal
